{
    "_readme": [
        "This file locks the dependencies of your project to a known state",
        "Read more about it at https://getcomposer.org/doc/01-basic-usage.md#installing-dependencies",
        "This file is @generated automatically"
    ],
    "content-hash": "40668f3568a402d9e9362160879a406a",
    "packages": [
        {
            "name": "composer/installers",
            "version": "v2.3.0",
            "source": {
                "type": "git",
                "url": "https://github.com/composer/installers.git",
                "reference": "12fb2dfe5e16183de69e784a7b84046c43d97e8e"
            },
            "dist": {
                "type": "zip",
                "url": "https://api.github.com/repos/composer/installers/zipball/12fb2dfe5e16183de69e784a7b84046c43d97e8e",
                "reference": "12fb2dfe5e16183de69e784a7b84046c43d97e8e",
                "shasum": ""
            },
            "require": {
                "composer-plugin-api": "^1.0 || ^2.0",
                "php": "^7.2 || ^8.0"
            },
            "require-dev": {
                "composer/composer": "^1.10.27 || ^2.7",
                "composer/semver": "^1.7.2 || ^3.4.0",
                "phpstan/phpstan": "^1.11",
                "phpstan/phpstan-phpunit": "^1",
                "symfony/phpunit-bridge": "^7.1.1",
                "symfony/process": "^5 || ^6 || ^7"
            },
            "type": "composer-plugin",
            "extra": {
                "class": "Composer\\Installers\\Plugin",
                "branch-alias": {
                    "dev-main": "2.x-dev"
                },
                "plugin-modifies-install-path": true
            },
            "autoload": {
                "psr-4": {
                    "Composer\\Installers\\": "src/Composer/Installers"
                }
            },
            "notification-url": "https://packagist.org/downloads/",
            "license": [
                "MIT"
            ],
            "authors": [
                {
                    "name": "Kyle Robinson Young",
                    "email": "kyle@dontkry.com",
                    "homepage": "https://github.com/shama"
                }
            ],
            "description": "A multi-framework Composer library installer",
            "homepage": "https://composer.github.io/installers/",
            "keywords": [
                "Dolibarr",
                "Eliasis",
                "Hurad",
                "ImageCMS",
                "Kanboard",
                "Lan Management System",
                "MODX Evo",
                "MantisBT",
                "Mautic",
                "Maya",
                "OXID",
                "Plentymarkets",
                "Porto",
                "RadPHP",
                "SMF",
                "Starbug",
                "Thelia",
                "Whmcs",
                "WolfCMS",
                "agl",
                "annotatecms",
                "attogram",
                "bitrix",
                "cakephp",
                "chef",
                "cockpit",
                "codeigniter",
                "concrete5",
                "concreteCMS",
                "croogo",
                "dokuwiki",
                "drupal",
                "eZ Platform",
                "elgg",
                "expressionengine",
                "fuelphp",
                "grav",
                "installer",
                "itop",
                "known",
                "kohana",
                "laravel",
                "lavalite",
                "lithium",
                "magento",
                "majima",
                "mako",
                "matomo",
                "mediawiki",
                "miaoxing",
                "modulework",
                "modx",
                "moodle",
                "osclass",
                "pantheon",
                "phpbb",
                "piwik",
                "ppi",
                "processwire",
                "puppet",
                "pxcms",
                "reindex",
                "roundcube",
                "shopware",
                "silverstripe",
                "sydes",
                "sylius",
                "tastyigniter",
                "wordpress",
                "yawik",
                "zend",
                "zikula"
            ],
            "support": {
                "issues": "https://github.com/composer/installers/issues",
                "source": "https://github.com/composer/installers/tree/v2.3.0"
            },
            "funding": [
                {
                    "url": "https://packagist.com",
                    "type": "custom"
                },
                {
                    "url": "https://github.com/composer",
                    "type": "github"
                },
                {
                    "url": "https://tidelift.com/funding/github/packagist/composer/composer",
                    "type": "tidelift"
                }
            ],
            "time": "2024-06-24T20:46:46+00:00"
        },
        {
            "name": "creode/wordpress-blocks",
            "version": "0.0.4",
            "source": {
                "type": "git",
                "url": "https://github.com/creode/wordpress-blocks.git",
                "reference": "97650ae6d9a3514ce46a2865421e71317bc86196"
            },
            "dist": {
                "type": "zip",
                "url": "https://api.github.com/repos/creode/wordpress-blocks/zipball/97650ae6d9a3514ce46a2865421e71317bc86196",
                "reference": "97650ae6d9a3514ce46a2865421e71317bc86196",
                "shasum": ""
            },
            "require": {
                "composer/installers": "*"
            },
            "type": "wordpress-muplugin",
            "notification-url": "https://packagist.org/downloads/",
            "authors": [
                {
                    "name": "Creode Limited"
                }
            ],
            "description": "Block library and block development framework for WordPress blocks.",
            "support": {
                "issues": "https://github.com/creode/wordpress-blocks/issues",
                "source": "https://github.com/creode/wordpress-blocks/tree/0.0.4"
            },
            "time": "2024-07-18T17:00:37+00:00"
        },
        {
            "name": "creode/wordpress-theme-core",
            "version": "0.0.4",
            "source": {
                "type": "git",
                "url": "https://github.com/creode/wordpress-theme-core.git",
                "reference": "293ca6a6f0976030fec18f806c1f2c6ff1d07fd9"
            },
            "dist": {
                "type": "zip",
                "url": "https://api.github.com/repos/creode/wordpress-theme-core/zipball/293ca6a6f0976030fec18f806c1f2c6ff1d07fd9",
                "reference": "293ca6a6f0976030fec18f806c1f2c6ff1d07fd9",
                "shasum": ""
            },
            "require": {
                "composer/installers": "*",
                "idleberg/vite-manifest": "^1.1"
            },
            "type": "wordpress-themecore",
            "notification-url": "https://packagist.org/downloads/",
            "authors": [
                {
                    "name": "Creode",
                    "email": "contact@creode.co.uk"
                }
            ],
            "description": "Small set of core files used in WordPress to assist in theme development",
            "support": {
                "issues": "https://github.com/creode/wordpress-theme-core/issues",
                "source": "https://github.com/creode/wordpress-theme-core/tree/0.0.4"
            },
            "time": "2024-08-22T15:06:25+00:00"
        },
        {
            "name": "idleberg/vite-manifest",
            "version": "v1.1.0",
            "source": {
                "type": "git",
                "url": "https://github.com/idleberg/php-vite-manifest.git",
                "reference": "0bd4c59ffadf5d44a46e8205017b15c456dea6f4"
            },
            "dist": {
                "type": "zip",
                "url": "https://api.github.com/repos/idleberg/php-vite-manifest/zipball/0bd4c59ffadf5d44a46e8205017b15c456dea6f4",
                "reference": "0bd4c59ffadf5d44a46e8205017b15c456dea6f4",
                "shasum": ""
            },
            "require": {
                "league/uri": "^7.4.1",
                "php": ">=8.1"
            },
            "require-dev": {
                "brainmaestro/composer-git-hooks": "^3.0@alpha",
                "codeception/codeception": "^5.0.4",
                "codeception/module-asserts": "^3.0.0",
                "friendsofphp/php-cs-fixer": "^3.8",
                "icanhazstring/composer-unused": "^0.8.10",
                "phpstan/phpstan": "^1.9"
            },
            "type": "library",
            "extra": {
                "hooks": {
                    "pre-commit": [
                        "composer run format",
                        "composer run lint",
                        "composer run unused"
                    ]
                }
            },
            "autoload": {
                "psr-4": {
                    "Idleberg\\ViteManifest\\": "src"
                }
            },
            "notification-url": "https://packagist.org/downloads/",
            "license": [
                "MIT"
            ],
            "authors": [
                {
                    "name": "Jan T. Sott",
                    "email": "idleberg@users.noreply.github.com"
                }
            ],
            "description": "A parser for Vite v2 manifest files",
            "keywords": [
                "vite",
                "vite manifest",
                "vitejs"
            ],
            "support": {
                "issues": "https://github.com/idleberg/php-vite-manifest/issues",
                "source": "https://github.com/idleberg/php-vite-manifest/tree/v1.1.0"
            },
            "time": "2024-06-09T06:54:18+00:00"
        },
        {
            "name": "league/uri",
            "version": "7.4.1",
            "source": {
                "type": "git",
                "url": "https://github.com/thephpleague/uri.git",
                "reference": "bedb6e55eff0c933668addaa7efa1e1f2c417cc4"
            },
            "dist": {
                "type": "zip",
                "url": "https://api.github.com/repos/thephpleague/uri/zipball/bedb6e55eff0c933668addaa7efa1e1f2c417cc4",
                "reference": "bedb6e55eff0c933668addaa7efa1e1f2c417cc4",
                "shasum": ""
            },
            "require": {
                "league/uri-interfaces": "^7.3",
                "php": "^8.1"
            },
            "conflict": {
                "league/uri-schemes": "^1.0"
            },
            "suggest": {
                "ext-bcmath": "to improve IPV4 host parsing",
                "ext-fileinfo": "to create Data URI from file contennts",
                "ext-gmp": "to improve IPV4 host parsing",
                "ext-intl": "to handle IDN host with the best performance",
                "jeremykendall/php-domain-parser": "to resolve Public Suffix and Top Level Domain",
                "league/uri-components": "Needed to easily manipulate URI objects components",
                "php-64bit": "to improve IPV4 host parsing",
                "symfony/polyfill-intl-idn": "to handle IDN host via the Symfony polyfill if ext-intl is not present"
            },
            "type": "library",
            "extra": {
                "branch-alias": {
                    "dev-master": "7.x-dev"
                }
            },
            "autoload": {
                "psr-4": {
                    "League\\Uri\\": ""
                }
            },
            "notification-url": "https://packagist.org/downloads/",
            "license": [
                "MIT"
            ],
            "authors": [
                {
                    "name": "Ignace Nyamagana Butera",
                    "email": "nyamsprod@gmail.com",
                    "homepage": "https://nyamsprod.com"
                }
            ],
            "description": "URI manipulation library",
            "homepage": "https://uri.thephpleague.com",
            "keywords": [
                "data-uri",
                "file-uri",
                "ftp",
                "hostname",
                "http",
                "https",
                "middleware",
                "parse_str",
                "parse_url",
                "psr-7",
                "query-string",
                "querystring",
                "rfc3986",
                "rfc3987",
                "rfc6570",
                "uri",
                "uri-template",
                "url",
                "ws"
            ],
            "support": {
                "docs": "https://uri.thephpleague.com",
                "forum": "https://thephpleague.slack.com",
                "issues": "https://github.com/thephpleague/uri-src/issues",
                "source": "https://github.com/thephpleague/uri/tree/7.4.1"
            },
            "funding": [
                {
                    "url": "https://github.com/sponsors/nyamsprod",
                    "type": "github"
                }
            ],
            "time": "2024-03-23T07:42:40+00:00"
        },
        {
            "name": "league/uri-interfaces",
            "version": "7.4.1",
            "source": {
                "type": "git",
                "url": "https://github.com/thephpleague/uri-interfaces.git",
                "reference": "8d43ef5c841032c87e2de015972c06f3865ef718"
            },
            "dist": {
                "type": "zip",
                "url": "https://api.github.com/repos/thephpleague/uri-interfaces/zipball/8d43ef5c841032c87e2de015972c06f3865ef718",
                "reference": "8d43ef5c841032c87e2de015972c06f3865ef718",
                "shasum": ""
            },
            "require": {
                "ext-filter": "*",
                "php": "^8.1",
                "psr/http-factory": "^1",
                "psr/http-message": "^1.1 || ^2.0"
            },
            "suggest": {
                "ext-bcmath": "to improve IPV4 host parsing",
                "ext-gmp": "to improve IPV4 host parsing",
                "ext-intl": "to handle IDN host with the best performance",
                "php-64bit": "to improve IPV4 host parsing",
                "symfony/polyfill-intl-idn": "to handle IDN host via the Symfony polyfill if ext-intl is not present"
            },
            "type": "library",
            "extra": {
                "branch-alias": {
                    "dev-master": "7.x-dev"
                }
            },
            "autoload": {
                "psr-4": {
                    "League\\Uri\\": ""
                }
            },
            "notification-url": "https://packagist.org/downloads/",
            "license": [
                "MIT"
            ],
            "authors": [
                {
                    "name": "Ignace Nyamagana Butera",
                    "email": "nyamsprod@gmail.com",
                    "homepage": "https://nyamsprod.com"
                }
            ],
            "description": "Common interfaces and classes for URI representation and interaction",
            "homepage": "https://uri.thephpleague.com",
            "keywords": [
                "data-uri",
                "file-uri",
                "ftp",
                "hostname",
                "http",
                "https",
                "parse_str",
                "parse_url",
                "psr-7",
                "query-string",
                "querystring",
                "rfc3986",
                "rfc3987",
                "rfc6570",
                "uri",
                "url",
                "ws"
            ],
            "support": {
                "docs": "https://uri.thephpleague.com",
                "forum": "https://thephpleague.slack.com",
                "issues": "https://github.com/thephpleague/uri-src/issues",
                "source": "https://github.com/thephpleague/uri-interfaces/tree/7.4.1"
            },
            "funding": [
                {
                    "url": "https://github.com/sponsors/nyamsprod",
                    "type": "github"
                }
            ],
            "time": "2024-03-23T07:42:40+00:00"
        },
        {
            "name": "psr/http-factory",
            "version": "1.1.0",
            "source": {
                "type": "git",
                "url": "https://github.com/php-fig/http-factory.git",
                "reference": "2b4765fddfe3b508ac62f829e852b1501d3f6e8a"
            },
            "dist": {
                "type": "zip",
                "url": "https://api.github.com/repos/php-fig/http-factory/zipball/2b4765fddfe3b508ac62f829e852b1501d3f6e8a",
                "reference": "2b4765fddfe3b508ac62f829e852b1501d3f6e8a",
                "shasum": ""
            },
            "require": {
                "php": ">=7.1",
                "psr/http-message": "^1.0 || ^2.0"
            },
            "type": "library",
            "extra": {
                "branch-alias": {
                    "dev-master": "1.0.x-dev"
                }
            },
            "autoload": {
                "psr-4": {
                    "Psr\\Http\\Message\\": "src/"
                }
            },
            "notification-url": "https://packagist.org/downloads/",
            "license": [
                "MIT"
            ],
            "authors": [
                {
                    "name": "PHP-FIG",
                    "homepage": "https://www.php-fig.org/"
                }
            ],
            "description": "PSR-17: Common interfaces for PSR-7 HTTP message factories",
            "keywords": [
                "factory",
                "http",
                "message",
                "psr",
                "psr-17",
                "psr-7",
                "request",
                "response"
            ],
            "support": {
                "source": "https://github.com/php-fig/http-factory"
            },
            "time": "2024-04-15T12:06:14+00:00"
        },
        {
            "name": "psr/http-message",
            "version": "2.0",
            "source": {
                "type": "git",
                "url": "https://github.com/php-fig/http-message.git",
                "reference": "402d35bcb92c70c026d1a6a9883f06b2ead23d71"
            },
            "dist": {
                "type": "zip",
                "url": "https://api.github.com/repos/php-fig/http-message/zipball/402d35bcb92c70c026d1a6a9883f06b2ead23d71",
                "reference": "402d35bcb92c70c026d1a6a9883f06b2ead23d71",
                "shasum": ""
            },
            "require": {
                "php": "^7.2 || ^8.0"
            },
            "type": "library",
            "extra": {
                "branch-alias": {
                    "dev-master": "2.0.x-dev"
                }
            },
            "autoload": {
                "psr-4": {
                    "Psr\\Http\\Message\\": "src/"
                }
            },
            "notification-url": "https://packagist.org/downloads/",
            "license": [
                "MIT"
            ],
            "authors": [
                {
                    "name": "PHP-FIG",
                    "homepage": "https://www.php-fig.org/"
                }
            ],
            "description": "Common interface for HTTP messages",
            "homepage": "https://github.com/php-fig/http-message",
            "keywords": [
                "http",
                "http-message",
                "psr",
                "psr-7",
                "request",
                "response"
            ],
            "support": {
                "source": "https://github.com/php-fig/http-message/tree/2.0"
            },
            "time": "2023-04-04T09:54:51+00:00"
        }
    ],
    "packages-dev": [],
    "aliases": [],
    "minimum-stability": "stable",
    "stability-flags": [],
    "prefer-stable": false,
    "prefer-lowest": false,
    "platform": [],
    "platform-dev": [],
    "plugin-api-version": "2.6.0"
}
